// !$*UTF8*$!
{
	archiveVersion = 1;
	classes = {
	};
	objectVersion = 46;
	objects = {

/* Begin PBXBuildFile section */
		7184FC581B2966C2004ADDEF /* AppDelegate.swift in Sources */ = {isa = PBXBuildFile; fileRef = 7184FC571B2966C2004ADDEF /* AppDelegate.swift */; };
		7184FC5A1B2966C2004ADDEF /* ViewController.swift in Sources */ = {isa = PBXBuildFile; fileRef = 7184FC591B2966C2004ADDEF /* ViewController.swift */; };
		7184FC5D1B2966C2004ADDEF /* Main.storyboard in Resources */ = {isa = PBXBuildFile; fileRef = 7184FC5B1B2966C2004ADDEF /* Main.storyboard */; };
		7184FC5F1B2966C2004ADDEF /* Images.xcassets in Resources */ = {isa = PBXBuildFile; fileRef = 7184FC5E1B2966C2004ADDEF /* Images.xcassets */; };
		7184FC621B2966C2004ADDEF /* LaunchScreen.xib in Resources */ = {isa = PBXBuildFile; fileRef = 7184FC601B2966C2004ADDEF /* LaunchScreen.xib */; };
		7184FC6E1B2966C2004ADDEF /* GoldenQuoteTests.swift in Sources */ = {isa = PBXBuildFile; fileRef = 7184FC6D1B2966C2004ADDEF /* GoldenQuoteTests.swift */; };
		7184FC981B29815A004ADDEF /* AsyncButton.swift in Sources */ = {isa = PBXBuildFile; fileRef = 7184FC7A1B29815A004ADDEF /* AsyncButton.swift */; };
		7184FC991B29815A004ADDEF /* AsyncImageView.swift in Sources */ = {isa = PBXBuildFile; fileRef = 7184FC7B1B29815A004ADDEF /* AsyncImageView.swift */; };
		7184FC9A1B29815A004ADDEF /* AutoTextView.swift in Sources */ = {isa = PBXBuildFile; fileRef = 7184FC7C1B29815A004ADDEF /* AutoTextView.swift */; };
		7184FC9B1B29815A004ADDEF /* BlurView.swift in Sources */ = {isa = PBXBuildFile; fileRef = 7184FC7D1B29815A004ADDEF /* BlurView.swift */; };
		7184FC9C1B29815A004ADDEF /* DesignableButton.swift in Sources */ = {isa = PBXBuildFile; fileRef = 7184FC7E1B29815A004ADDEF /* DesignableButton.swift */; };
		7184FC9D1B29815A004ADDEF /* DesignableImageView.swift in Sources */ = {isa = PBXBuildFile; fileRef = 7184FC7F1B29815A004ADDEF /* DesignableImageView.swift */; };
		7184FC9E1B29815A004ADDEF /* DesignableLabel.swift in Sources */ = {isa = PBXBuildFile; fileRef = 7184FC801B29815A004ADDEF /* DesignableLabel.swift */; };
		7184FC9F1B29815A004ADDEF /* DesignableTabBarController.swift in Sources */ = {isa = PBXBuildFile; fileRef = 7184FC811B29815A004ADDEF /* DesignableTabBarController.swift */; };
		7184FCA01B29815A004ADDEF /* DesignableTextField.swift in Sources */ = {isa = PBXBuildFile; fileRef = 7184FC821B29815A004ADDEF /* DesignableTextField.swift */; };
		7184FCA11B29815A004ADDEF /* DesignableTextView.swift in Sources */ = {isa = PBXBuildFile; fileRef = 7184FC831B29815A004ADDEF /* DesignableTextView.swift */; };
		7184FCA21B29815A004ADDEF /* DesignableView.swift in Sources */ = {isa = PBXBuildFile; fileRef = 7184FC841B29815A004ADDEF /* DesignableView.swift */; };
		7184FCA31B29815A004ADDEF /* ImageLoader.swift in Sources */ = {isa = PBXBuildFile; fileRef = 7184FC851B29815A004ADDEF /* ImageLoader.swift */; };
		7184FCA41B29815A004ADDEF /* Info.plist in Resources */ = {isa = PBXBuildFile; fileRef = 7184FC861B29815A004ADDEF /* Info.plist */; };
		7184FCA51B29815A004ADDEF /* KeyboardLayoutConstraint.swift in Sources */ = {isa = PBXBuildFile; fileRef = 7184FC871B29815A004ADDEF /* KeyboardLayoutConstraint.swift */; };
		7184FCA61B29815A004ADDEF /* LoadingView.swift in Sources */ = {isa = PBXBuildFile; fileRef = 7184FC881B29815A004ADDEF /* LoadingView.swift */; };
		7184FCA71B29815A004ADDEF /* LoadingView.xib in Resources */ = {isa = PBXBuildFile; fileRef = 7184FC891B29815A004ADDEF /* LoadingView.xib */; };
		7184FCA81B29815A004ADDEF /* Misc.swift in Sources */ = {isa = PBXBuildFile; fileRef = 7184FC8A1B29815A004ADDEF /* Misc.swift */; };
		7184FCA91B29815A004ADDEF /* SoundPlayer.swift in Sources */ = {isa = PBXBuildFile; fileRef = 7184FC8B1B29815A004ADDEF /* SoundPlayer.swift */; };
		7184FCAA1B29815A004ADDEF /* Spring.swift in Sources */ = {isa = PBXBuildFile; fileRef = 7184FC8D1B29815A004ADDEF /* Spring.swift */; };
		7184FCAB1B29815A004ADDEF /* SpringAnimation.swift in Sources */ = {isa = PBXBuildFile; fileRef = 7184FC8E1B29815A004ADDEF /* SpringAnimation.swift */; };
		7184FCAC1B29815A004ADDEF /* SpringButton.swift in Sources */ = {isa = PBXBuildFile; fileRef = 7184FC8F1B29815A004ADDEF /* SpringButton.swift */; };
		7184FCAD1B29815A004ADDEF /* SpringImageView.swift in Sources */ = {isa = PBXBuildFile; fileRef = 7184FC901B29815A004ADDEF /* SpringImageView.swift */; };
		7184FCAE1B29815A004ADDEF /* SpringLabel.swift in Sources */ = {isa = PBXBuildFile; fileRef = 7184FC911B29815A004ADDEF /* SpringLabel.swift */; };
		7184FCAF1B29815A004ADDEF /* SpringTextField.swift in Sources */ = {isa = PBXBuildFile; fileRef = 7184FC921B29815A004ADDEF /* SpringTextField.swift */; };
		7184FCB01B29815A004ADDEF /* SpringTextView.swift in Sources */ = {isa = PBXBuildFile; fileRef = 7184FC931B29815A004ADDEF /* SpringTextView.swift */; };
		7184FCB11B29815A004ADDEF /* SpringView.swift in Sources */ = {isa = PBXBuildFile; fileRef = 7184FC941B29815A004ADDEF /* SpringView.swift */; };
		7184FCB21B29815A004ADDEF /* TransitionManager.swift in Sources */ = {isa = PBXBuildFile; fileRef = 7184FC951B29815A004ADDEF /* TransitionManager.swift */; };
		7184FCB31B29815A004ADDEF /* TransitionZoom.swift in Sources */ = {isa = PBXBuildFile; fileRef = 7184FC961B29815A004ADDEF /* TransitionZoom.swift */; };
		7184FCB41B29815A004ADDEF /* UnwindSegue.swift in Sources */ = {isa = PBXBuildFile; fileRef = 7184FC971B29815A004ADDEF /* UnwindSegue.swift */; };
/* End PBXBuildFile section */

/* Begin PBXContainerItemProxy section */
		7184FC681B2966C2004ADDEF /* PBXContainerItemProxy */ = {
			isa = PBXContainerItemProxy;
			containerPortal = 7184FC4A1B2966C2004ADDEF /* Project object */;
			proxyType = 1;
			remoteGlobalIDString = 7184FC511B2966C2004ADDEF;
			remoteInfo = GoldenQuote;
		};
/* End PBXContainerItemProxy section */

/* Begin PBXFileReference section */
		7184FC521B2966C2004ADDEF /* Quote.app */ = {isa = PBXFileReference; explicitFileType = wrapper.application; includeInIndex = 0; path = Quote.app; sourceTree = BUILT_PRODUCTS_DIR; };
		7184FC561B2966C2004ADDEF /* Info.plist */ = {isa = PBXFileReference; lastKnownFileType = text.plist.xml; path = Info.plist; sourceTree = "<group>"; };
		7184FC571B2966C2004ADDEF /* AppDelegate.swift */ = {isa = PBXFileReference; lastKnownFileType = sourcecode.swift; path = AppDelegate.swift; sourceTree = "<group>"; };
		7184FC591B2966C2004ADDEF /* ViewController.swift */ = {isa = PBXFileReference; lastKnownFileType = sourcecode.swift; path = ViewController.swift; sourceTree = "<group>"; };
		7184FC5C1B2966C2004ADDEF /* Base */ = {isa = PBXFileReference; lastKnownFileType = file.storyboard; name = Base; path = Base.lproj/Main.storyboard; sourceTree = "<group>"; };
		7184FC5E1B2966C2004ADDEF /* Images.xcassets */ = {isa = PBXFileReference; lastKnownFileType = folder.assetcatalog; path = Images.xcassets; sourceTree = "<group>"; };
		7184FC611B2966C2004ADDEF /* Base */ = {isa = PBXFileReference; lastKnownFileType = file.xib; name = Base; path = Base.lproj/LaunchScreen.xib; sourceTree = "<group>"; };
		7184FC671B2966C2004ADDEF /* QuoteTests.xctest */ = {isa = PBXFileReference; explicitFileType = wrapper.cfbundle; includeInIndex = 0; path = QuoteTests.xctest; sourceTree = BUILT_PRODUCTS_DIR; };
		7184FC6C1B2966C2004ADDEF /* Info.plist */ = {isa = PBXFileReference; lastKnownFileType = text.plist.xml; path = Info.plist; sourceTree = "<group>"; };
		7184FC6D1B2966C2004ADDEF /* GoldenQuoteTests.swift */ = {isa = PBXFileReference; lastKnownFileType = sourcecode.swift; path = GoldenQuoteTests.swift; sourceTree = "<group>"; };
		7184FC7A1B29815A004ADDEF /* AsyncButton.swift */ = {isa = PBXFileReference; fileEncoding = 4; lastKnownFileType = sourcecode.swift; path = AsyncButton.swift; sourceTree = "<group>"; };
		7184FC7B1B29815A004ADDEF /* AsyncImageView.swift */ = {isa = PBXFileReference; fileEncoding = 4; lastKnownFileType = sourcecode.swift; path = AsyncImageView.swift; sourceTree = "<group>"; };
		7184FC7C1B29815A004ADDEF /* AutoTextView.swift */ = {isa = PBXFileReference; fileEncoding = 4; lastKnownFileType = sourcecode.swift; path = AutoTextView.swift; sourceTree = "<group>"; };
		7184FC7D1B29815A004ADDEF /* BlurView.swift */ = {isa = PBXFileReference; fileEncoding = 4; lastKnownFileType = sourcecode.swift; path = BlurView.swift; sourceTree = "<group>"; };
		7184FC7E1B29815A004ADDEF /* DesignableButton.swift */ = {isa = PBXFileReference; fileEncoding = 4; lastKnownFileType = sourcecode.swift; path = DesignableButton.swift; sourceTree = "<group>"; };
		7184FC7F1B29815A004ADDEF /* DesignableImageView.swift */ = {isa = PBXFileReference; fileEncoding = 4; lastKnownFileType = sourcecode.swift; path = DesignableImageView.swift; sourceTree = "<group>"; };
		7184FC801B29815A004ADDEF /* DesignableLabel.swift */ = {isa = PBXFileReference; fileEncoding = 4; lastKnownFileType = sourcecode.swift; path = DesignableLabel.swift; sourceTree = "<group>"; };
		7184FC811B29815A004ADDEF /* DesignableTabBarController.swift */ = {isa = PBXFileReference; fileEncoding = 4; lastKnownFileType = sourcecode.swift; path = DesignableTabBarController.swift; sourceTree = "<group>"; };
		7184FC821B29815A004ADDEF /* DesignableTextField.swift */ = {isa = PBXFileReference; fileEncoding = 4; lastKnownFileType = sourcecode.swift; path = DesignableTextField.swift; sourceTree = "<group>"; };
		7184FC831B29815A004ADDEF /* DesignableTextView.swift */ = {isa = PBXFileReference; fileEncoding = 4; lastKnownFileType = sourcecode.swift; path = DesignableTextView.swift; sourceTree = "<group>"; };
		7184FC841B29815A004ADDEF /* DesignableView.swift */ = {isa = PBXFileReference; fileEncoding = 4; lastKnownFileType = sourcecode.swift; path = DesignableView.swift; sourceTree = "<group>"; };
		7184FC851B29815A004ADDEF /* ImageLoader.swift */ = {isa = PBXFileReference; fileEncoding = 4; lastKnownFileType = sourcecode.swift; path = ImageLoader.swift; sourceTree = "<group>"; };
		7184FC861B29815A004ADDEF /* Info.plist */ = {isa = PBXFileReference; fileEncoding = 4; lastKnownFileType = text.plist.xml; path = Info.plist; sourceTree = "<group>"; };
		7184FC871B29815A004ADDEF /* KeyboardLayoutConstraint.swift */ = {isa = PBXFileReference; fileEncoding = 4; lastKnownFileType = sourcecode.swift; path = KeyboardLayoutConstraint.swift; sourceTree = "<group>"; };
		7184FC881B29815A004ADDEF /* LoadingView.swift */ = {isa = PBXFileReference; fileEncoding = 4; lastKnownFileType = sourcecode.swift; path = LoadingView.swift; sourceTree = "<group>"; };
		7184FC891B29815A004ADDEF /* LoadingView.xib */ = {isa = PBXFileReference; fileEncoding = 4; lastKnownFileType = file.xib; path = LoadingView.xib; sourceTree = "<group>"; };
		7184FC8A1B29815A004ADDEF /* Misc.swift */ = {isa = PBXFileReference; fileEncoding = 4; lastKnownFileType = sourcecode.swift; path = Misc.swift; sourceTree = "<group>"; };
		7184FC8B1B29815A004ADDEF /* SoundPlayer.swift */ = {isa = PBXFileReference; fileEncoding = 4; lastKnownFileType = sourcecode.swift; path = SoundPlayer.swift; sourceTree = "<group>"; };
		7184FC8C1B29815A004ADDEF /* Spring.h */ = {isa = PBXFileReference; fileEncoding = 4; lastKnownFileType = sourcecode.c.h; path = Spring.h; sourceTree = "<group>"; };
		7184FC8D1B29815A004ADDEF /* Spring.swift */ = {isa = PBXFileReference; fileEncoding = 4; lastKnownFileType = sourcecode.swift; path = Spring.swift; sourceTree = "<group>"; };
		7184FC8E1B29815A004ADDEF /* SpringAnimation.swift */ = {isa = PBXFileReference; fileEncoding = 4; lastKnownFileType = sourcecode.swift; path = SpringAnimation.swift; sourceTree = "<group>"; };
		7184FC8F1B29815A004ADDEF /* SpringButton.swift */ = {isa = PBXFileReference; fileEncoding = 4; lastKnownFileType = sourcecode.swift; path = SpringButton.swift; sourceTree = "<group>"; };
		7184FC901B29815A004ADDEF /* SpringImageView.swift */ = {isa = PBXFileReference; fileEncoding = 4; lastKnownFileType = sourcecode.swift; path = SpringImageView.swift; sourceTree = "<group>"; };
		7184FC911B29815A004ADDEF /* SpringLabel.swift */ = {isa = PBXFileReference; fileEncoding = 4; lastKnownFileType = sourcecode.swift; path = SpringLabel.swift; sourceTree = "<group>"; };
		7184FC921B29815A004ADDEF /* SpringTextField.swift */ = {isa = PBXFileReference; fileEncoding = 4; lastKnownFileType = sourcecode.swift; path = SpringTextField.swift; sourceTree = "<group>"; };
		7184FC931B29815A004ADDEF /* SpringTextView.swift */ = {isa = PBXFileReference; fileEncoding = 4; lastKnownFileType = sourcecode.swift; path = SpringTextView.swift; sourceTree = "<group>"; };
		7184FC941B29815A004ADDEF /* SpringView.swift */ = {isa = PBXFileReference; fileEncoding = 4; lastKnownFileType = sourcecode.swift; path = SpringView.swift; sourceTree = "<group>"; };
		7184FC951B29815A004ADDEF /* TransitionManager.swift */ = {isa = PBXFileReference; fileEncoding = 4; lastKnownFileType = sourcecode.swift; path = TransitionManager.swift; sourceTree = "<group>"; };
		7184FC961B29815A004ADDEF /* TransitionZoom.swift */ = {isa = PBXFileReference; fileEncoding = 4; lastKnownFileType = sourcecode.swift; path = TransitionZoom.swift; sourceTree = "<group>"; };
		7184FC971B29815A004ADDEF /* UnwindSegue.swift */ = {isa = PBXFileReference; fileEncoding = 4; lastKnownFileType = sourcecode.swift; path = UnwindSegue.swift; sourceTree = "<group>"; };
/* End PBXFileReference section */

/* Begin PBXFrameworksBuildPhase section */
		7184FC4F1B2966C2004ADDEF /* Frameworks */ = {
			isa = PBXFrameworksBuildPhase;
			buildActionMask = 2147483647;
			files = (
			);
			runOnlyForDeploymentPostprocessing = 0;
		};
		7184FC641B2966C2004ADDEF /* Frameworks */ = {
			isa = PBXFrameworksBuildPhase;
			buildActionMask = 2147483647;
			files = (
			);
			runOnlyForDeploymentPostprocessing = 0;
		};
/* End PBXFrameworksBuildPhase section */

/* Begin PBXGroup section */
		7184FC491B2966C2004ADDEF = {
			isa = PBXGroup;
			children = (
				7184FC541B2966C2004ADDEF /* GoldenQuote */,
				7184FC6A1B2966C2004ADDEF /* GoldenQuoteTests */,
				7184FC531B2966C2004ADDEF /* Products */,
			);
			sourceTree = "<group>";
		};
		7184FC531B2966C2004ADDEF /* Products */ = {
			isa = PBXGroup;
			children = (
				7184FC521B2966C2004ADDEF /* Quote.app */,
				7184FC671B2966C2004ADDEF /* QuoteTests.xctest */,
			);
			name = Products;
			sourceTree = "<group>";
		};
		7184FC541B2966C2004ADDEF /* GoldenQuote */ = {
			isa = PBXGroup;
			children = (
				7184FC571B2966C2004ADDEF /* AppDelegate.swift */,
				7184FC591B2966C2004ADDEF /* ViewController.swift */,
				7184FC5B1B2966C2004ADDEF /* Main.storyboard */,
				7184FC5E1B2966C2004ADDEF /* Images.xcassets */,
				7184FC601B2966C2004ADDEF /* LaunchScreen.xib */,
				7184FC791B29815A004ADDEF /* Spring */,
				7184FC551B2966C2004ADDEF /* Supporting Files */,
			);
			path = GoldenQuote;
			sourceTree = "<group>";
		};
		7184FC551B2966C2004ADDEF /* Supporting Files */ = {
			isa = PBXGroup;
			children = (
				7184FC561B2966C2004ADDEF /* Info.plist */,
			);
			name = "Supporting Files";
			sourceTree = "<group>";
		};
		7184FC6A1B2966C2004ADDEF /* GoldenQuoteTests */ = {
			isa = PBXGroup;
			children = (
				7184FC6D1B2966C2004ADDEF /* GoldenQuoteTests.swift */,
				7184FC6B1B2966C2004ADDEF /* Supporting Files */,
			);
			path = GoldenQuoteTests;
			sourceTree = "<group>";
		};
		7184FC6B1B2966C2004ADDEF /* Supporting Files */ = {
			isa = PBXGroup;
			children = (
				7184FC6C1B2966C2004ADDEF /* Info.plist */,
			);
			name = "Supporting Files";
			sourceTree = "<group>";
		};
		7184FC791B29815A004ADDEF /* Spring */ = {
			isa = PBXGroup;
			children = (
				7184FC7A1B29815A004ADDEF /* AsyncButton.swift */,
				7184FC7B1B29815A004ADDEF /* AsyncImageView.swift */,
				7184FC7C1B29815A004ADDEF /* AutoTextView.swift */,
				7184FC7D1B29815A004ADDEF /* BlurView.swift */,
				7184FC7E1B29815A004ADDEF /* DesignableButton.swift */,
				7184FC7F1B29815A004ADDEF /* DesignableImageView.swift */,
				7184FC801B29815A004ADDEF /* DesignableLabel.swift */,
				7184FC811B29815A004ADDEF /* DesignableTabBarController.swift */,
				7184FC821B29815A004ADDEF /* DesignableTextField.swift */,
				7184FC831B29815A004ADDEF /* DesignableTextView.swift */,
				7184FC841B29815A004ADDEF /* DesignableView.swift */,
				7184FC851B29815A004ADDEF /* ImageLoader.swift */,
				7184FC861B29815A004ADDEF /* Info.plist */,
				7184FC871B29815A004ADDEF /* KeyboardLayoutConstraint.swift */,
				7184FC881B29815A004ADDEF /* LoadingView.swift */,
				7184FC891B29815A004ADDEF /* LoadingView.xib */,
				7184FC8A1B29815A004ADDEF /* Misc.swift */,
				7184FC8B1B29815A004ADDEF /* SoundPlayer.swift */,
				7184FC8C1B29815A004ADDEF /* Spring.h */,
				7184FC8D1B29815A004ADDEF /* Spring.swift */,
				7184FC8E1B29815A004ADDEF /* SpringAnimation.swift */,
				7184FC8F1B29815A004ADDEF /* SpringButton.swift */,
				7184FC901B29815A004ADDEF /* SpringImageView.swift */,
				7184FC911B29815A004ADDEF /* SpringLabel.swift */,
				7184FC921B29815A004ADDEF /* SpringTextField.swift */,
				7184FC931B29815A004ADDEF /* SpringTextView.swift */,
				7184FC941B29815A004ADDEF /* SpringView.swift */,
				7184FC951B29815A004ADDEF /* TransitionManager.swift */,
				7184FC961B29815A004ADDEF /* TransitionZoom.swift */,
				7184FC971B29815A004ADDEF /* UnwindSegue.swift */,
			);
			path = Spring;
			sourceTree = "<group>";
		};
/* End PBXGroup section */

/* Begin PBXNativeTarget section */
		7184FC511B2966C2004ADDEF /* Quote */ = {
			isa = PBXNativeTarget;
			buildConfigurationList = 7184FC711B2966C2004ADDEF /* Build configuration list for PBXNativeTarget "Quote" */;
			buildPhases = (
				7184FC4E1B2966C2004ADDEF /* Sources */,
				7184FC4F1B2966C2004ADDEF /* Frameworks */,
				7184FC501B2966C2004ADDEF /* Resources */,
			);
			buildRules = (
			);
			dependencies = (
			);
			name = Quote;
			productName = GoldenQuote;
			productReference = 7184FC521B2966C2004ADDEF /* Quote.app */;
			productType = "com.apple.product-type.application";
		};
		7184FC661B2966C2004ADDEF /* QuoteTests */ = {
			isa = PBXNativeTarget;
			buildConfigurationList = 7184FC741B2966C2004ADDEF /* Build configuration list for PBXNativeTarget "QuoteTests" */;
			buildPhases = (
				7184FC631B2966C2004ADDEF /* Sources */,
				7184FC641B2966C2004ADDEF /* Frameworks */,
				7184FC651B2966C2004ADDEF /* Resources */,
			);
			buildRules = (
			);
			dependencies = (
				7184FC691B2966C2004ADDEF /* PBXTargetDependency */,
			);
			name = QuoteTests;
			productName = GoldenQuoteTests;
			productReference = 7184FC671B2966C2004ADDEF /* QuoteTests.xctest */;
			productType = "com.apple.product-type.bundle.unit-test";
		};
/* End PBXNativeTarget section */

/* Begin PBXProject section */
		7184FC4A1B2966C2004ADDEF /* Project object */ = {
			isa = PBXProject;
			attributes = {
				LastUpgradeCheck = 0630;
				ORGANIZATIONNAME = RayPS;
				TargetAttributes = {
					7184FC511B2966C2004ADDEF = {
						CreatedOnToolsVersion = 6.3;
					};
					7184FC661B2966C2004ADDEF = {
						CreatedOnToolsVersion = 6.3;
						TestTargetID = 7184FC511B2966C2004ADDEF;
					};
				};
			};
			buildConfigurationList = 7184FC4D1B2966C2004ADDEF /* Build configuration list for PBXProject "Quote" */;
			compatibilityVersion = "Xcode 3.2";
			developmentRegion = English;
			hasScannedForEncodings = 0;
			knownRegions = (
				en,
				Base,
			);
			mainGroup = 7184FC491B2966C2004ADDEF;
			productRefGroup = 7184FC531B2966C2004ADDEF /* Products */;
			projectDirPath = "";
			projectRoot = "";
			targets = (
				7184FC511B2966C2004ADDEF /* Quote */,
				7184FC661B2966C2004ADDEF /* QuoteTests */,
			);
		};
/* End PBXProject section */

/* Begin PBXResourcesBuildPhase section */
		7184FC501B2966C2004ADDEF /* Resources */ = {
			isa = PBXResourcesBuildPhase;
			buildActionMask = 2147483647;
			files = (
				7184FCA41B29815A004ADDEF /* Info.plist in Resources */,
				7184FC5D1B2966C2004ADDEF /* Main.storyboard in Resources */,
				7184FC621B2966C2004ADDEF /* LaunchScreen.xib in Resources */,
				7184FC5F1B2966C2004ADDEF /* Images.xcassets in Resources */,
				7184FCA71B29815A004ADDEF /* LoadingView.xib in Resources */,
			);
			runOnlyForDeploymentPostprocessing = 0;
		};
		7184FC651B2966C2004ADDEF /* Resources */ = {
			isa = PBXResourcesBuildPhase;
			buildActionMask = 2147483647;
			files = (
			);
			runOnlyForDeploymentPostprocessing = 0;
		};
/* End PBXResourcesBuildPhase section */

/* Begin PBXSourcesBuildPhase section */
		7184FC4E1B2966C2004ADDEF /* Sources */ = {
			isa = PBXSourcesBuildPhase;
			buildActionMask = 2147483647;
			files = (
				7184FCAE1B29815A004ADDEF /* SpringLabel.swift in Sources */,
				7184FCA31B29815A004ADDEF /* ImageLoader.swift in Sources */,
				7184FCA81B29815A004ADDEF /* Misc.swift in Sources */,
				7184FC9D1B29815A004ADDEF /* DesignableImageView.swift in Sources */,
				7184FCAD1B29815A004ADDEF /* SpringImageView.swift in Sources */,
				7184FC5A1B2966C2004ADDEF /* ViewController.swift in Sources */,
				7184FCA91B29815A004ADDEF /* SoundPlayer.swift in Sources */,
				7184FCB01B29815A004ADDEF /* SpringTextView.swift in Sources */,
				7184FC581B2966C2004ADDEF /* AppDelegate.swift in Sources */,
				7184FCA21B29815A004ADDEF /* DesignableView.swift in Sources */,
				7184FCAB1B29815A004ADDEF /* SpringAnimation.swift in Sources */,
				7184FCAA1B29815A004ADDEF /* Spring.swift in Sources */,
				7184FCA61B29815A004ADDEF /* LoadingView.swift in Sources */,
				7184FCAF1B29815A004ADDEF /* SpringTextField.swift in Sources */,
				7184FC9C1B29815A004ADDEF /* DesignableButton.swift in Sources */,
				7184FCA01B29815A004ADDEF /* DesignableTextField.swift in Sources */,
				7184FC981B29815A004ADDEF /* AsyncButton.swift in Sources */,
				7184FCA51B29815A004ADDEF /* KeyboardLayoutConstraint.swift in Sources */,
				7184FCAC1B29815A004ADDEF /* SpringButton.swift in Sources */,
				7184FC991B29815A004ADDEF /* AsyncImageView.swift in Sources */,
				7184FC9F1B29815A004ADDEF /* DesignableTabBarController.swift in Sources */,
				7184FC9A1B29815A004ADDEF /* AutoTextView.swift in Sources */,
				7184FCA11B29815A004ADDEF /* DesignableTextView.swift in Sources */,
				7184FC9E1B29815A004ADDEF /* DesignableLabel.swift in Sources */,
				7184FCB41B29815A004ADDEF /* UnwindSegue.swift in Sources */,
				7184FCB21B29815A004ADDEF /* TransitionManager.swift in Sources */,
				7184FC9B1B29815A004ADDEF /* BlurView.swift in Sources */,
				7184FCB11B29815A004ADDEF /* SpringView.swift in Sources */,
				7184FCB31B29815A004ADDEF /* TransitionZoom.swift in Sources */,
			);
			runOnlyForDeploymentPostprocessing = 0;
		};
		7184FC631B2966C2004ADDEF /* Sources */ = {
			isa = PBXSourcesBuildPhase;
			buildActionMask = 2147483647;
			files = (
				7184FC6E1B2966C2004ADDEF /* GoldenQuoteTests.swift in Sources */,
			);
			runOnlyForDeploymentPostprocessing = 0;
		};
/* End PBXSourcesBuildPhase section */

/* Begin PBXTargetDependency section */
		7184FC691B2966C2004ADDEF /* PBXTargetDependency */ = {
			isa = PBXTargetDependency;
			target = 7184FC511B2966C2004ADDEF /* Quote */;
			targetProxy = 7184FC681B2966C2004ADDEF /* PBXContainerItemProxy */;
		};
/* End PBXTargetDependency section */

/* Begin PBXVariantGroup section */
		7184FC5B1B2966C2004ADDEF /* Main.storyboard */ = {
			isa = PBXVariantGroup;
			children = (
				7184FC5C1B2966C2004ADDEF /* Base */,
			);
			name = Main.storyboard;
			sourceTree = "<group>";
		};
		7184FC601B2966C2004ADDEF /* LaunchScreen.xib */ = {
			isa = PBXVariantGroup;
			children = (
				7184FC611B2966C2004ADDEF /* Base */,
			);
			name = LaunchScreen.xib;
			sourceTree = "<group>";
		};
/* End PBXVariantGroup section */

/* Begin XCBuildConfiguration section */
		7184FC6F1B2966C2004ADDEF /* Debug */ = {
			isa = XCBuildConfiguration;
			buildSettings = {
				ALWAYS_SEARCH_USER_PATHS = NO;
				CLANG_CXX_LANGUAGE_STANDARD = "gnu++0x";
				CLANG_CXX_LIBRARY = "libc++";
				CLANG_ENABLE_MODULES = YES;
				CLANG_ENABLE_OBJC_ARC = YES;
				CLANG_WARN_BOOL_CONVERSION = YES;
				CLANG_WARN_CONSTANT_CONVERSION = YES;
				CLANG_WARN_DIRECT_OBJC_ISA_USAGE = YES_ERROR;
				CLANG_WARN_EMPTY_BODY = YES;
				CLANG_WARN_ENUM_CONVERSION = YES;
				CLANG_WARN_INT_CONVERSION = YES;
				CLANG_WARN_OBJC_ROOT_CLASS = YES_ERROR;
				CLANG_WARN_UNREACHABLE_CODE = YES;
				CLANG_WARN__DUPLICATE_METHOD_MATCH = YES;
				"CODE_SIGN_IDENTITY[sdk=iphoneos*]" = "iPhone Developer";
				COPY_PHASE_STRIP = NO;
				DEBUG_INFORMATION_FORMAT = "dwarf-with-dsym";
				ENABLE_STRICT_OBJC_MSGSEND = YES;
				GCC_C_LANGUAGE_STANDARD = gnu99;
				GCC_DYNAMIC_NO_PIC = NO;
				GCC_NO_COMMON_BLOCKS = YES;
				GCC_OPTIMIZATION_LEVEL = 0;
				GCC_PREPROCESSOR_DEFINITIONS = (
					"DEBUG=1",
					"$(inherited)",
				);
				GCC_SYMBOLS_PRIVATE_EXTERN = NO;
				GCC_WARN_64_TO_32_BIT_CONVERSION = YES;
				GCC_WARN_ABOUT_RETURN_TYPE = YES_ERROR;
				GCC_WARN_UNDECLARED_SELECTOR = YES;
				GCC_WARN_UNINITIALIZED_AUTOS = YES_AGGRESSIVE;
				GCC_WARN_UNUSED_FUNCTION = YES;
				GCC_WARN_UNUSED_VARIABLE = YES;
				IPHONEOS_DEPLOYMENT_TARGET = 8.0;
				MTL_ENABLE_DEBUG_INFO = YES;
				ONLY_ACTIVE_ARCH = YES;
				SDKROOT = iphoneos;
				SWIFT_OPTIMIZATION_LEVEL = "-Onone";
				TARGETED_DEVICE_FAMILY = "1,2";
			};
			name = Debug;
		};
		7184FC701B2966C2004ADDEF /* Release */ = {
			isa = XCBuildConfiguration;
			buildSettings = {
				ALWAYS_SEARCH_USER_PATHS = NO;
				CLANG_CXX_LANGUAGE_STANDARD = "gnu++0x";
				CLANG_CXX_LIBRARY = "libc++";
				CLANG_ENABLE_MODULES = YES;
				CLANG_ENABLE_OBJC_ARC = YES;
				CLANG_WARN_BOOL_CONVERSION = YES;
				CLANG_WARN_CONSTANT_CONVERSION = YES;
				CLANG_WARN_DIRECT_OBJC_ISA_USAGE = YES_ERROR;
				CLANG_WARN_EMPTY_BODY = YES;
				CLANG_WARN_ENUM_CONVERSION = YES;
				CLANG_WARN_INT_CONVERSION = YES;
				CLANG_WARN_OBJC_ROOT_CLASS = YES_ERROR;
				CLANG_WARN_UNREACHABLE_CODE = YES;
				CLANG_WARN__DUPLICATE_METHOD_MATCH = YES;
				"CODE_SIGN_IDENTITY[sdk=iphoneos*]" = "iPhone Developer";
				COPY_PHASE_STRIP = NO;
				DEBUG_INFORMATION_FORMAT = "dwarf-with-dsym";
				ENABLE_NS_ASSERTIONS = NO;
				ENABLE_STRICT_OBJC_MSGSEND = YES;
				GCC_C_LANGUAGE_STANDARD = gnu99;
				GCC_NO_COMMON_BLOCKS = YES;
				GCC_WARN_64_TO_32_BIT_CONVERSION = YES;
				GCC_WARN_ABOUT_RETURN_TYPE = YES_ERROR;
				GCC_WARN_UNDECLARED_SELECTOR = YES;
				GCC_WARN_UNINITIALIZED_AUTOS = YES_AGGRESSIVE;
				GCC_WARN_UNUSED_FUNCTION = YES;
				GCC_WARN_UNUSED_VARIABLE = YES;
				IPHONEOS_DEPLOYMENT_TARGET = 8.0;
				MTL_ENABLE_DEBUG_INFO = NO;
				SDKROOT = iphoneos;
				TARGETED_DEVICE_FAMILY = "1,2";
				VALIDATE_PRODUCT = YES;
			};
			name = Release;
		};
		7184FC721B2966C2004ADDEF /* Debug */ = {
			isa = XCBuildConfiguration;
			buildSettings = {
				ASSETCATALOG_COMPILER_APPICON_NAME = AppIcon;
				INFOPLIST_FILE = GoldenQuote/Info.plist;
				LD_RUNPATH_SEARCH_PATHS = "$(inherited) @executable_path/Frameworks";
				PRODUCT_NAME = Quote;
			};
			name = Debug;
		};
		7184FC731B2966C2004ADDEF /* Release */ = {
			isa = XCBuildConfiguration;
			buildSettings = {
				ASSETCATALOG_COMPILER_APPICON_NAME = AppIcon;
				INFOPLIST_FILE = GoldenQuote/Info.plist;
				LD_RUNPATH_SEARCH_PATHS = "$(inherited) @executable_path/Frameworks";
				PRODUCT_NAME = Quote;
			};
			name = Release;
		};
		7184FC751B2966C2004ADDEF /* Debug */ = {
			isa = XCBuildConfiguration;
			buildSettings = {
				BUNDLE_LOADER = "$(TEST_HOST)";
				FRAMEWORK_SEARCH_PATHS = (
					"$(SDKROOT)/Developer/Library/Frameworks",
					"$(inherited)",
				);
				GCC_PREPROCESSOR_DEFINITIONS = (
					"DEBUG=1",
					"$(inherited)",
				);
				INFOPLIST_FILE = GoldenQuoteTests/Info.plist;
				LD_RUNPATH_SEARCH_PATHS = "$(inherited) @executable_path/Frameworks @loader_path/Frameworks";
				PRODUCT_NAME = QuoteTests;
				TEST_HOST = "$(BUILT_PRODUCTS_DIR)/GoldenQuote.app/GoldenQuote";
			};
			name = Debug;
		};
		7184FC761B2966C2004ADDEF /* Release */ = {
			isa = XCBuildConfiguration;
			buildSettings = {
				BUNDLE_LOADER = "$(TEST_HOST)";
				FRAMEWORK_SEARCH_PATHS = (
					"$(SDKROOT)/Developer/Library/Frameworks",
					"$(inherited)",
				);
				INFOPLIST_FILE = GoldenQuoteTests/Info.plist;
				LD_RUNPATH_SEARCH_PATHS = "$(inherited) @executable_path/Frameworks @loader_path/Frameworks";
				PRODUCT_NAME = QuoteTests;
				TEST_HOST = "$(BUILT_PRODUCTS_DIR)/GoldenQuote.app/GoldenQuote";
			};
			name = Release;
		};
/* End XCBuildConfiguration section */

/* Begin XCConfigurationList section */
		7184FC4D1B2966C2004ADDEF /* Build configuration list for PBXProject "Quote" */ = {
			isa = XCConfigurationList;
			buildConfigurations = (
				7184FC6F1B2966C2004ADDEF /* Debug */,
				7184FC701B2966C2004ADDEF /* Release */,
			);
			defaultConfigurationIsVisible = 0;
			defaultConfigurationName = Release;
		};
		7184FC711B2966C2004ADDEF /* Build configuration list for PBXNativeTarget "Quote" */ = {
			isa = XCConfigurationList;
			buildConfigurations = (
				7184FC721B2966C2004ADDEF /* Debug */,
				7184FC731B2966C2004ADDEF /* Release */,
			);
			defaultConfigurationIsVisible = 0;
			defaultConfigurationName = Release;
		};
		7184FC741B2966C2004ADDEF /* Build configuration list for PBXNativeTarget "QuoteTests" */ = {
			isa = XCConfigurationList;
			buildConfigurations = (
				7184FC751B2966C2004ADDEF /* Debug */,
				7184FC761B2966C2004ADDEF /* Release */,
			);
			defaultConfigurationIsVisible = 0;
			defaultConfigurationName = Release;
		};
/* End XCConfigurationList section */
	};
	rootObject = 7184FC4A1B2966C2004ADDEF /* Project object */;
}
