// !$*UTF8*$!
{
	archiveVersion = 1;
	classes = {
	};
	objectVersion = 46;
	objects = {

/* Begin PBXBuildFile section */
		71C434BA1B29C47E0069781E /* AppDelegate.swift in Sources */ = {isa = PBXBuildFile; fileRef = 71C434B91B29C47E0069781E /* AppDelegate.swift */; };
		71C434D01B29C47F0069781E /* QuoteTests.swift in Sources */ = {isa = PBXBuildFile; fileRef = 71C434CF1B29C47F0069781E /* QuoteTests.swift */; };
		71C434DD1B29C4A90069781E /* ViewController.swift in Sources */ = {isa = PBXBuildFile; fileRef = 71C434D91B29C4A90069781E /* ViewController.swift */; };
		71C434DE1B29C4A90069781E /* Main.storyboard in Resources */ = {isa = PBXBuildFile; fileRef = 71C434DA1B29C4A90069781E /* Main.storyboard */; };
		71C434DF1B29C4A90069781E /* Images.xcassets in Resources */ = {isa = PBXBuildFile; fileRef = 71C434DB1B29C4A90069781E /* Images.xcassets */; };
		71C434E01B29C4A90069781E /* LaunchScreen.xib in Resources */ = {isa = PBXBuildFile; fileRef = 71C434DC1B29C4A90069781E /* LaunchScreen.xib */; };
/* End PBXBuildFile section */

/* Begin PBXContainerItemProxy section */
		71C434CA1B29C47F0069781E /* PBXContainerItemProxy */ = {
			isa = PBXContainerItemProxy;
			containerPortal = 71C434AC1B29C47E0069781E /* Project object */;
			proxyType = 1;
			remoteGlobalIDString = 71C434B31B29C47E0069781E;
			remoteInfo = Quote;
		};
/* End PBXContainerItemProxy section */

/* Begin PBXFileReference section */
		71C434B41B29C47E0069781E /* Quote.app */ = {isa = PBXFileReference; explicitFileType = wrapper.application; includeInIndex = 0; path = Quote.app; sourceTree = BUILT_PRODUCTS_DIR; };
		71C434B81B29C47E0069781E /* Info.plist */ = {isa = PBXFileReference; lastKnownFileType = text.plist.xml; path = Info.plist; sourceTree = "<group>"; };
		71C434B91B29C47E0069781E /* AppDelegate.swift */ = {isa = PBXFileReference; lastKnownFileType = sourcecode.swift; path = AppDelegate.swift; sourceTree = "<group>"; };
		71C434C91B29C47F0069781E /* QuoteTests.xctest */ = {isa = PBXFileReference; explicitFileType = wrapper.cfbundle; includeInIndex = 0; path = QuoteTests.xctest; sourceTree = BUILT_PRODUCTS_DIR; };
		71C434CE1B29C47F0069781E /* Info.plist */ = {isa = PBXFileReference; lastKnownFileType = text.plist.xml; path = Info.plist; sourceTree = "<group>"; };
		71C434CF1B29C47F0069781E /* QuoteTests.swift */ = {isa = PBXFileReference; lastKnownFileType = sourcecode.swift; path = QuoteTests.swift; sourceTree = "<group>"; };
		71C434D91B29C4A90069781E /* ViewController.swift */ = {isa = PBXFileReference; fileEncoding = 4; lastKnownFileType = sourcecode.swift; path = ViewController.swift; sourceTree = "<group>"; };
		71C434DA1B29C4A90069781E /* Main.storyboard */ = {isa = PBXFileReference; fileEncoding = 4; lastKnownFileType = file.storyboard; path = Main.storyboard; sourceTree = "<group>"; };
		71C434DB1B29C4A90069781E /* Images.xcassets */ = {isa = PBXFileReference; lastKnownFileType = folder.assetcatalog; path = Images.xcassets; sourceTree = "<group>"; };
		71C434DC1B29C4A90069781E /* LaunchScreen.xib */ = {isa = PBXFileReference; fileEncoding = 4; lastKnownFileType = file.xib; path = LaunchScreen.xib; sourceTree = "<group>"; };
/* End PBXFileReference section */

/* Begin PBXFrameworksBuildPhase section */
		71C434B11B29C47E0069781E /* Frameworks */ = {
			isa = PBXFrameworksBuildPhase;
			buildActionMask = 2147483647;
			files = (
			);
			runOnlyForDeploymentPostprocessing = 0;
		};
		71C434C61B29C47F0069781E /* Frameworks */ = {
			isa = PBXFrameworksBuildPhase;
			buildActionMask = 2147483647;
			files = (
			);
			runOnlyForDeploymentPostprocessing = 0;
		};
/* End PBXFrameworksBuildPhase section */

/* Begin PBXGroup section */
		71C434AB1B29C47E0069781E = {
			isa = PBXGroup;
			children = (
				71C434B61B29C47E0069781E /* Quote */,
				71C434CC1B29C47F0069781E /* QuoteTests */,
				71C434B51B29C47E0069781E /* Products */,
			);
			sourceTree = "<group>";
		};
		71C434B51B29C47E0069781E /* Products */ = {
			isa = PBXGroup;
			children = (
				71C434B41B29C47E0069781E /* Quote.app */,
				71C434C91B29C47F0069781E /* QuoteTests.xctest */,
			);
			name = Products;
			sourceTree = "<group>";
		};
		71C434B61B29C47E0069781E /* Quote */ = {
			isa = PBXGroup;
			children = (
				71C434B91B29C47E0069781E /* AppDelegate.swift */,
				71C434D91B29C4A90069781E /* ViewController.swift */,
				71C434DA1B29C4A90069781E /* Main.storyboard */,
				71C434DB1B29C4A90069781E /* Images.xcassets */,
				71C434DC1B29C4A90069781E /* LaunchScreen.xib */,
				71C434B71B29C47E0069781E /* Supporting Files */,
			);
			path = Quote;
			sourceTree = "<group>";
		};
		71C434B71B29C47E0069781E /* Supporting Files */ = {
			isa = PBXGroup;
			children = (
				71C434B81B29C47E0069781E /* Info.plist */,
			);
			name = "Supporting Files";
			sourceTree = "<group>";
		};
		71C434CC1B29C47F0069781E /* QuoteTests */ = {
			isa = PBXGroup;
			children = (
				71C434CF1B29C47F0069781E /* QuoteTests.swift */,
				71C434CD1B29C47F0069781E /* Supporting Files */,
			);
			path = QuoteTests;
			sourceTree = "<group>";
		};
		71C434CD1B29C47F0069781E /* Supporting Files */ = {
			isa = PBXGroup;
			children = (
				71C434CE1B29C47F0069781E /* Info.plist */,
			);
			name = "Supporting Files";
			sourceTree = "<group>";
		};
/* End PBXGroup section */

/* Begin PBXNativeTarget section */
		71C434B31B29C47E0069781E /* Quote */ = {
			isa = PBXNativeTarget;
			buildConfigurationList = 71C434D31B29C47F0069781E /* Build configuration list for PBXNativeTarget "Quote" */;
			buildPhases = (
				71C434B01B29C47E0069781E /* Sources */,
				71C434B11B29C47E0069781E /* Frameworks */,
				71C434B21B29C47E0069781E /* Resources */,
			);
			buildRules = (
			);
			dependencies = (
			);
			name = Quote;
			productName = Quote;
			productReference = 71C434B41B29C47E0069781E /* Quote.app */;
			productType = "com.apple.product-type.application";
		};
		71C434C81B29C47F0069781E /* QuoteTests */ = {
			isa = PBXNativeTarget;
			buildConfigurationList = 71C434D61B29C47F0069781E /* Build configuration list for PBXNativeTarget "QuoteTests" */;
			buildPhases = (
				71C434C51B29C47F0069781E /* Sources */,
				71C434C61B29C47F0069781E /* Frameworks */,
				71C434C71B29C47F0069781E /* Resources */,
			);
			buildRules = (
			);
			dependencies = (
				71C434CB1B29C47F0069781E /* PBXTargetDependency */,
			);
			name = QuoteTests;
			productName = QuoteTests;
			productReference = 71C434C91B29C47F0069781E /* QuoteTests.xctest */;
			productType = "com.apple.product-type.bundle.unit-test";
		};
/* End PBXNativeTarget section */

/* Begin PBXProject section */
		71C434AC1B29C47E0069781E /* Project object */ = {
			isa = PBXProject;
			attributes = {
				LastUpgradeCheck = 0630;
				ORGANIZATIONNAME = RayPS;
				TargetAttributes = {
					71C434B31B29C47E0069781E = {
						CreatedOnToolsVersion = 6.3;
					};
					71C434C81B29C47F0069781E = {
						CreatedOnToolsVersion = 6.3;
						TestTargetID = 71C434B31B29C47E0069781E;
					};
				};
			};
			buildConfigurationList = 71C434AF1B29C47E0069781E /* Build configuration list for PBXProject "Quote" */;
			compatibilityVersion = "Xcode 3.2";
			developmentRegion = English;
			hasScannedForEncodings = 0;
			knownRegions = (
				en,
				Base,
			);
			mainGroup = 71C434AB1B29C47E0069781E;
			productRefGroup = 71C434B51B29C47E0069781E /* Products */;
			projectDirPath = "";
			projectRoot = "";
			targets = (
				71C434B31B29C47E0069781E /* Quote */,
				71C434C81B29C47F0069781E /* QuoteTests */,
			);
		};
/* End PBXProject section */

/* Begin PBXResourcesBuildPhase section */
		71C434B21B29C47E0069781E /* Resources */ = {
			isa = PBXResourcesBuildPhase;
			buildActionMask = 2147483647;
			files = (
				71C434DE1B29C4A90069781E /* Main.storyboard in Resources */,
				71C434E01B29C4A90069781E /* LaunchScreen.xib in Resources */,
				71C434DF1B29C4A90069781E /* Images.xcassets in Resources */,
			);
			runOnlyForDeploymentPostprocessing = 0;
		};
		71C434C71B29C47F0069781E /* Resources */ = {
			isa = PBXResourcesBuildPhase;
			buildActionMask = 2147483647;
			files = (
			);
			runOnlyForDeploymentPostprocessing = 0;
		};
/* End PBXResourcesBuildPhase section */

/* Begin PBXSourcesBuildPhase section */
		71C434B01B29C47E0069781E /* Sources */ = {
			isa = PBXSourcesBuildPhase;
			buildActionMask = 2147483647;
			files = (
				71C434DD1B29C4A90069781E /* ViewController.swift in Sources */,
				71C434BA1B29C47E0069781E /* AppDelegate.swift in Sources */,
			);
			runOnlyForDeploymentPostprocessing = 0;
		};
		71C434C51B29C47F0069781E /* Sources */ = {
			isa = PBXSourcesBuildPhase;
			buildActionMask = 2147483647;
			files = (
				71C434D01B29C47F0069781E /* QuoteTests.swift in Sources */,
			);
			runOnlyForDeploymentPostprocessing = 0;
		};
/* End PBXSourcesBuildPhase section */

/* Begin PBXTargetDependency section */
		71C434CB1B29C47F0069781E /* PBXTargetDependency */ = {
			isa = PBXTargetDependency;
			target = 71C434B31B29C47E0069781E /* Quote */;
			targetProxy = 71C434CA1B29C47F0069781E /* PBXContainerItemProxy */;
		};
/* End PBXTargetDependency section */

/* Begin XCBuildConfiguration section */
		71C434D11B29C47F0069781E /* Debug */ = {
			isa = XCBuildConfiguration;
			buildSettings = {
				ALWAYS_SEARCH_USER_PATHS = NO;
				CLANG_CXX_LANGUAGE_STANDARD = "gnu++0x";
				CLANG_CXX_LIBRARY = "libc++";
				CLANG_ENABLE_MODULES = YES;
				CLANG_ENABLE_OBJC_ARC = YES;
				CLANG_WARN_BOOL_CONVERSION = YES;
				CLANG_WARN_CONSTANT_CONVERSION = YES;
				CLANG_WARN_DIRECT_OBJC_ISA_USAGE = YES_ERROR;
				CLANG_WARN_EMPTY_BODY = YES;
				CLANG_WARN_ENUM_CONVERSION = YES;
				CLANG_WARN_INT_CONVERSION = YES;
				CLANG_WARN_OBJC_ROOT_CLASS = YES_ERROR;
				CLANG_WARN_UNREACHABLE_CODE = YES;
				CLANG_WARN__DUPLICATE_METHOD_MATCH = YES;
				"CODE_SIGN_IDENTITY[sdk=iphoneos*]" = "iPhone Developer";
				COPY_PHASE_STRIP = NO;
				DEBUG_INFORMATION_FORMAT = "dwarf-with-dsym";
				ENABLE_STRICT_OBJC_MSGSEND = YES;
				GCC_C_LANGUAGE_STANDARD = gnu99;
				GCC_DYNAMIC_NO_PIC = NO;
				GCC_NO_COMMON_BLOCKS = YES;
				GCC_OPTIMIZATION_LEVEL = 0;
				GCC_PREPROCESSOR_DEFINITIONS = (
					"DEBUG=1",
					"$(inherited)",
				);
				GCC_SYMBOLS_PRIVATE_EXTERN = NO;
				GCC_WARN_64_TO_32_BIT_CONVERSION = YES;
				GCC_WARN_ABOUT_RETURN_TYPE = YES_ERROR;
				GCC_WARN_UNDECLARED_SELECTOR = YES;
				GCC_WARN_UNINITIALIZED_AUTOS = YES_AGGRESSIVE;
				GCC_WARN_UNUSED_FUNCTION = YES;
				GCC_WARN_UNUSED_VARIABLE = YES;
				IPHONEOS_DEPLOYMENT_TARGET = 8.3;
				MTL_ENABLE_DEBUG_INFO = YES;
				ONLY_ACTIVE_ARCH = YES;
				SDKROOT = iphoneos;
				SWIFT_OPTIMIZATION_LEVEL = "-Onone";
				TARGETED_DEVICE_FAMILY = "1,2";
			};
			name = Debug;
		};
		71C434D21B29C47F0069781E /* Release */ = {
			isa = XCBuildConfiguration;
			buildSettings = {
				ALWAYS_SEARCH_USER_PATHS = NO;
				CLANG_CXX_LANGUAGE_STANDARD = "gnu++0x";
				CLANG_CXX_LIBRARY = "libc++";
				CLANG_ENABLE_MODULES = YES;
				CLANG_ENABLE_OBJC_ARC = YES;
				CLANG_WARN_BOOL_CONVERSION = YES;
				CLANG_WARN_CONSTANT_CONVERSION = YES;
				CLANG_WARN_DIRECT_OBJC_ISA_USAGE = YES_ERROR;
				CLANG_WARN_EMPTY_BODY = YES;
				CLANG_WARN_ENUM_CONVERSION = YES;
				CLANG_WARN_INT_CONVERSION = YES;
				CLANG_WARN_OBJC_ROOT_CLASS = YES_ERROR;
				CLANG_WARN_UNREACHABLE_CODE = YES;
				CLANG_WARN__DUPLICATE_METHOD_MATCH = YES;
				"CODE_SIGN_IDENTITY[sdk=iphoneos*]" = "iPhone Developer";
				COPY_PHASE_STRIP = NO;
				DEBUG_INFORMATION_FORMAT = "dwarf-with-dsym";
				ENABLE_NS_ASSERTIONS = NO;
				ENABLE_STRICT_OBJC_MSGSEND = YES;
				GCC_C_LANGUAGE_STANDARD = gnu99;
				GCC_NO_COMMON_BLOCKS = YES;
				GCC_WARN_64_TO_32_BIT_CONVERSION = YES;
				GCC_WARN_ABOUT_RETURN_TYPE = YES_ERROR;
				GCC_WARN_UNDECLARED_SELECTOR = YES;
				GCC_WARN_UNINITIALIZED_AUTOS = YES_AGGRESSIVE;
				GCC_WARN_UNUSED_FUNCTION = YES;
				GCC_WARN_UNUSED_VARIABLE = YES;
				IPHONEOS_DEPLOYMENT_TARGET = 8.3;
				MTL_ENABLE_DEBUG_INFO = NO;
				SDKROOT = iphoneos;
				TARGETED_DEVICE_FAMILY = "1,2";
				VALIDATE_PRODUCT = YES;
			};
			name = Release;
		};
		71C434D41B29C47F0069781E /* Debug */ = {
			isa = XCBuildConfiguration;
			buildSettings = {
				ASSETCATALOG_COMPILER_APPICON_NAME = AppIcon;
				INFOPLIST_FILE = Quote/Info.plist;
				LD_RUNPATH_SEARCH_PATHS = "$(inherited) @executable_path/Frameworks";
				PRODUCT_NAME = "$(TARGET_NAME)";
			};
			name = Debug;
		};
		71C434D51B29C47F0069781E /* Release */ = {
			isa = XCBuildConfiguration;
			buildSettings = {
				ASSETCATALOG_COMPILER_APPICON_NAME = AppIcon;
				INFOPLIST_FILE = Quote/Info.plist;
				LD_RUNPATH_SEARCH_PATHS = "$(inherited) @executable_path/Frameworks";
				PRODUCT_NAME = "$(TARGET_NAME)";
			};
			name = Release;
		};
		71C434D71B29C47F0069781E /* Debug */ = {
			isa = XCBuildConfiguration;
			buildSettings = {
				BUNDLE_LOADER = "$(TEST_HOST)";
				FRAMEWORK_SEARCH_PATHS = (
					"$(SDKROOT)/Developer/Library/Frameworks",
					"$(inherited)",
				);
				GCC_PREPROCESSOR_DEFINITIONS = (
					"DEBUG=1",
					"$(inherited)",
				);
				INFOPLIST_FILE = QuoteTests/Info.plist;
				LD_RUNPATH_SEARCH_PATHS = "$(inherited) @executable_path/Frameworks @loader_path/Frameworks";
				PRODUCT_NAME = "$(TARGET_NAME)";
				TEST_HOST = "$(BUILT_PRODUCTS_DIR)/Quote.app/Quote";
			};
			name = Debug;
		};
		71C434D81B29C47F0069781E /* Release */ = {
			isa = XCBuildConfiguration;
			buildSettings = {
				BUNDLE_LOADER = "$(TEST_HOST)";
				FRAMEWORK_SEARCH_PATHS = (
					"$(SDKROOT)/Developer/Library/Frameworks",
					"$(inherited)",
				);
				INFOPLIST_FILE = QuoteTests/Info.plist;
				LD_RUNPATH_SEARCH_PATHS = "$(inherited) @executable_path/Frameworks @loader_path/Frameworks";
				PRODUCT_NAME = "$(TARGET_NAME)";
				TEST_HOST = "$(BUILT_PRODUCTS_DIR)/Quote.app/Quote";
			};
			name = Release;
		};
/* End XCBuildConfiguration section */

/* Begin XCConfigurationList section */
		71C434AF1B29C47E0069781E /* Build configuration list for PBXProject "Quote" */ = {
			isa = XCConfigurationList;
			buildConfigurations = (
				71C434D11B29C47F0069781E /* Debug */,
				71C434D21B29C47F0069781E /* Release */,
			);
			defaultConfigurationIsVisible = 0;
			defaultConfigurationName = Release;
		};
		71C434D31B29C47F0069781E /* Build configuration list for PBXNativeTarget "Quote" */ = {
			isa = XCConfigurationList;
			buildConfigurations = (
				71C434D41B29C47F0069781E /* Debug */,
				71C434D51B29C47F0069781E /* Release */,
			);
			defaultConfigurationIsVisible = 0;
		};
		71C434D61B29C47F0069781E /* Build configuration list for PBXNativeTarget "QuoteTests" */ = {
			isa = XCConfigurationList;
			buildConfigurations = (
				71C434D71B29C47F0069781E /* Debug */,
				71C434D81B29C47F0069781E /* Release */,
			);
			defaultConfigurationIsVisible = 0;
		};
/* End XCConfigurationList section */
	};
	rootObject = 71C434AC1B29C47E0069781E /* Project object */;
}
